{
  "nodes": {
    "helix": {
      "inputs": {
        "nixpkgs": [
          "nixpkgs"
        ],
        "rust-overlay": "rust-overlay"
      },
      "locked": {
        "lastModified": 1767736156,
        "narHash": "sha256-p/TVoSu3jwA0qnPKaDxqZPFMLkq1rGfn5gMwSQ9njIk=",
        "owner": "MapoMagpie",
        "repo": "helix",
        "rev": "717ceefd143b2aea089315642d53b214c6f0b3dd",
        "type": "github"
      },
      "original": {
        "owner": "MapoMagpie",
        "ref": "my-helix",
        "repo": "helix",
        "type": "github"
      }
    },
    "nix-maid": {
      "locked": {
        "lastModified": 1767517306,
        "narHash": "sha256-7KBOKp4GoL324MHEDns4sQmdV5hhdqcgfRIjBHSizh8=",
        "owner": "viperML",
        "repo": "nix-maid",
        "rev": "a2aab233f853c107ffc9a9d59ef25401bc2b2965",
        "type": "github"
      },
      "original": {
        "owner": "viperML",
        "repo": "nix-maid",
        "type": "github"
      }
    },
    "nixpkgs": {
      "locked": {
        "lastModified": 1768564909,
        "narHash": "sha256-Kell/SpJYVkHWMvnhqJz/8DqQg2b6PguxVWOuadbHCc=",
        "owner": "NixOS",
        "repo": "nixpkgs",
        "rev": "e4bae1bd10c9c57b2cf517953ab70060a828ee6f",
        "type": "github"
      },
      "original": {
        "owner": "NixOS",
        "ref": "nixos-unstable",
        "repo": "nixpkgs",
        "type": "github"
      }
    },
    "rimedm": {
      "inputs": {
        "nixpkgs": [
          "nixpkgs"
        ],
        "systems": "systems"
      },
      "locked": {
        "lastModified": 1768140790,
        "narHash": "sha256-C/4T6N8l6LMUqUaKhudHcDzkR2UherpWtDHmohqgXac=",
        "owner": "MapoMagpie",
        "repo": "rimedm",
        "rev": "63b780703c2c69afec8cf37c4e56dfe6296afacb",
        "type": "github"
      },
      "original": {
        "owner": "MapoMagpie",
        "repo": "rimedm",
        "type": "github"
      }
    },
    "root": {
      "inputs": {
        "helix": "helix",
        "nix-maid": "nix-maid",
        "nixpkgs": "nixpkgs",
        "rimedm": "rimedm",
        "rust-overlay": "rust-overlay_2"
      }
    },
    "rust-overlay": {
      "inputs": {
        "nixpkgs": [
          "helix",
          "nixpkgs"
        ]
      },
      "locked": {
        "lastModified": 1759631821,
        "narHash": "sha256-V8A1L0FaU/aSXZ1QNJScxC12uP4hANeRBgI4YdhHeRM=",
        "owner": "oxalica",
        "repo": "rust-overlay",
        "rev": "1d7cbdaad90f8a5255a89a6eddd8af24dc89cafe",
        "type": "github"
      },
      "original": {
        "owner": "oxalica",
        "repo": "rust-overlay",
        "type": "github"
      }
    },
    "rust-overlay_2": {
      "inputs": {
        "nixpkgs": [
          "nixpkgs"
        ]
      },
      "locked": {
        "lastModified": 1768791178,
        "narHash": "sha256-ZVqH14w7y40DEQOghli1c28NopVNFk1MNNRzEIwMa6M=",
        "owner": "oxalica",
        "repo": "rust-overlay",
        "rev": "3941028eccc4d981f75c933786e1fd95b71024f1",
        "type": "github"
      },
      "original": {
        "owner": "oxalica",
        "repo": "rust-overlay",
        "type": "github"
      }
    },
    "systems": {
      "locked": {
        "lastModified": 1681028828,
        "narHash": "sha256-Vy1rq5AaRuLzOxct8nz4T6wlgyUR7zLU309k9mBC768=",
        "owner": "nix-systems",
        "repo": "default",
        "rev": "da67096a3b9bf56a91d16901293e51ba5b49a27e",
        "type": "github"
      },
      "original": {
        "owner": "nix-systems",
        "repo": "default",
        "type": "github"
      }
    }
  },
  "root": "root",
  "version": 7
}
